PODS:
  - LNModuleCore (0.1.5)
  - LNModuleProtocol (0.1.3)

DEPENDENCIES:
  - LNModuleCore (from `../`)
  - LNModuleProtocol

SPEC REPOS:
  https://github.com/NoNameOrganazation/LNSpec.git:
    - LNModuleProtocol

EXTERNAL SOURCES:
  LNModuleCore:
    :path: "../"

SPEC CHECKSUMS:
  LNModuleCore: 056fe44d5a79eace46b38c171623ef9f5245a037
  LNModuleProtocol: cdbde9135121be91f15ad33e60f940131b288e3f

PODFILE CHECKSUM: 3027772d18b3b806b327eaf98f4088482e74c71c

COCOAPODS: 1.10.0
